
Microsoft Visual Studio Solution File, Format Version 10.00
# Visual Studio 2008
Project("{FAE04EC0-301F-11D3-BF4B-00C04F79EFBC}") = "NHibernateUnitOfWork", "NHibernateUnitOfWork\NHibernateUnitOfWork.csproj", "{B1C3C69C-ADF6-450A-B40E-4A94DCD2E9CC}"
EndProject
Project("{FAE04EC0-301F-11D3-BF4B-00C04F79EFBC}") = "NHibernateUnitOfWork.Tests", "NHibernateUnitOfWork.Tests\NHibernateUnitOfWork.Tests.csproj", "{F2F634CF-DE84-45D5-93D2-602439389BD0}"
EndProject
Project("{FAE04EC0-301F-11D3-BF4B-00C04F79EFBC}") = "NHibernateRepository", "NHibernateRepository\NHibernateRepository.csproj", "{CACC70E2-32CC-42EC-ACD1-4F7BF2C5FF32}"
EndProject
Project("{FAE04EC0-301F-11D3-BF4B-00C04F79EFBC}") = "NHibernateRepository.Tests", "NHibernateRepository.Tests\NHibernateRepository.Tests.csproj", "{83B1592E-A393-4BAF-BB62-1F66F555908F}"
EndProject
Global
	GlobalSection(SolutionConfigurationPlatforms) = preSolution
		Debug|Any CPU = Debug|Any CPU
		Release|Any CPU = Release|Any CPU
	EndGlobalSection
	GlobalSection(ProjectConfigurationPlatforms) = postSolution
		{B1C3C69C-ADF6-450A-B40E-4A94DCD2E9CC}.Debug|Any CPU.ActiveCfg = Debug|Any CPU
		{B1C3C69C-ADF6-450A-B40E-4A94DCD2E9CC}.Debug|Any CPU.Build.0 = Debug|Any CPU
		{B1C3C69C-ADF6-450A-B40E-4A94DCD2E9CC}.Release|Any CPU.ActiveCfg = Release|Any CPU
		{B1C3C69C-ADF6-450A-B40E-4A94DCD2E9CC}.Release|Any CPU.Build.0 = Release|Any CPU
		{F2F634CF-DE84-45D5-93D2-602439389BD0}.Debug|Any CPU.ActiveCfg = Debug|Any CPU
		{F2F634CF-DE84-45D5-93D2-602439389BD0}.Debug|Any CPU.Build.0 = Debug|Any CPU
		{F2F634CF-DE84-45D5-93D2-602439389BD0}.Release|Any CPU.ActiveCfg = Release|Any CPU
		{F2F634CF-DE84-45D5-93D2-602439389BD0}.Release|Any CPU.Build.0 = Release|Any CPU
		{CACC70E2-32CC-42EC-ACD1-4F7BF2C5FF32}.Debug|Any CPU.ActiveCfg = Debug|Any CPU
		{CACC70E2-32CC-42EC-ACD1-4F7BF2C5FF32}.Debug|Any CPU.Build.0 = Debug|Any CPU
		{CACC70E2-32CC-42EC-ACD1-4F7BF2C5FF32}.Release|Any CPU.ActiveCfg = Release|Any CPU
		{CACC70E2-32CC-42EC-ACD1-4F7BF2C5FF32}.Release|Any CPU.Build.0 = Release|Any CPU
		{83B1592E-A393-4BAF-BB62-1F66F555908F}.Debug|Any CPU.ActiveCfg = Debug|Any CPU
		{83B1592E-A393-4BAF-BB62-1F66F555908F}.Debug|Any CPU.Build.0 = Debug|Any CPU
		{83B1592E-A393-4BAF-BB62-1F66F555908F}.Release|Any CPU.ActiveCfg = Release|Any CPU
		{83B1592E-A393-4BAF-BB62-1F66F555908F}.Release|Any CPU.Build.0 = Release|Any CPU
	EndGlobalSection
	GlobalSection(SolutionProperties) = preSolution
		HideSolutionNode = FALSE
	EndGlobalSection
EndGlobal
