
Microsoft Visual Studio Solution File, Format Version 10.00
# Visual Studio 2008
Project("{FAE04EC0-301F-11D3-BF4B-00C04F79EFBC}") = "ComplexObjectGraph", "ComplexObjectGraph\ComplexObjectGraph.csproj", "{C234696E-CE3F-497D-8BC3-50FDFCB69922}"
EndProject
Project("{FAE04EC0-301F-11D3-BF4B-00C04F79EFBC}") = "ComplexObjectGraph.Tests", "ComplexObjectGraph.Tests\ComplexObjectGraph.Tests.csproj", "{BBF0892C-A9D7-4BB8-8397-1C2421CCEFD8}"
EndProject
Global
	GlobalSection(SolutionConfigurationPlatforms) = preSolution
		Debug|Any CPU = Debug|Any CPU
		Release|Any CPU = Release|Any CPU
	EndGlobalSection
	GlobalSection(ProjectConfigurationPlatforms) = postSolution
		{C234696E-CE3F-497D-8BC3-50FDFCB69922}.Debug|Any CPU.ActiveCfg = Debug|Any CPU
		{C234696E-CE3F-497D-8BC3-50FDFCB69922}.Debug|Any CPU.Build.0 = Debug|Any CPU
		{C234696E-CE3F-497D-8BC3-50FDFCB69922}.Release|Any CPU.ActiveCfg = Release|Any CPU
		{C234696E-CE3F-497D-8BC3-50FDFCB69922}.Release|Any CPU.Build.0 = Release|Any CPU
		{BBF0892C-A9D7-4BB8-8397-1C2421CCEFD8}.Debug|Any CPU.ActiveCfg = Debug|Any CPU
		{BBF0892C-A9D7-4BB8-8397-1C2421CCEFD8}.Debug|Any CPU.Build.0 = Debug|Any CPU
		{BBF0892C-A9D7-4BB8-8397-1C2421CCEFD8}.Release|Any CPU.ActiveCfg = Release|Any CPU
		{BBF0892C-A9D7-4BB8-8397-1C2421CCEFD8}.Release|Any CPU.Build.0 = Release|Any CPU
	EndGlobalSection
	GlobalSection(SolutionProperties) = preSolution
		HideSolutionNode = FALSE
	EndGlobalSection
EndGlobal
