
Microsoft Visual Studio Solution File, Format Version 10.00
# Visual Studio 2008
Project("{FAE04EC0-301F-11D3-BF4B-00C04F79EFBC}") = "Caching", "Caching\Caching.csproj", "{0EEA55D1-887C-4016-9AF1-8550CF63174B}"
EndProject
Project("{FAE04EC0-301F-11D3-BF4B-00C04F79EFBC}") = "UnitTests", "UnitTests\UnitTests.csproj", "{3A463AC8-55C4-41EC-AC7B-ADD9FFC68B49}"
EndProject
Global
	GlobalSection(SolutionConfigurationPlatforms) = preSolution
		Debug|Any CPU = Debug|Any CPU
		Release|Any CPU = Release|Any CPU
	EndGlobalSection
	GlobalSection(ProjectConfigurationPlatforms) = postSolution
		{0EEA55D1-887C-4016-9AF1-8550CF63174B}.Debug|Any CPU.ActiveCfg = Debug|Any CPU
		{0EEA55D1-887C-4016-9AF1-8550CF63174B}.Debug|Any CPU.Build.0 = Debug|Any CPU
		{0EEA55D1-887C-4016-9AF1-8550CF63174B}.Release|Any CPU.ActiveCfg = Release|Any CPU
		{0EEA55D1-887C-4016-9AF1-8550CF63174B}.Release|Any CPU.Build.0 = Release|Any CPU
		{3A463AC8-55C4-41EC-AC7B-ADD9FFC68B49}.Debug|Any CPU.ActiveCfg = Debug|Any CPU
		{3A463AC8-55C4-41EC-AC7B-ADD9FFC68B49}.Debug|Any CPU.Build.0 = Debug|Any CPU
		{3A463AC8-55C4-41EC-AC7B-ADD9FFC68B49}.Release|Any CPU.ActiveCfg = Release|Any CPU
		{3A463AC8-55C4-41EC-AC7B-ADD9FFC68B49}.Release|Any CPU.Build.0 = Release|Any CPU
	EndGlobalSection
	GlobalSection(SolutionProperties) = preSolution
		HideSolutionNode = FALSE
	EndGlobalSection
EndGlobal
